// !$*UTF8*$!
{
	archiveVersion = 1;
	classes = {
	};
	objectVersion = 48;
	objects = {

/* Begin PBXBuildFile section */
		95F70AF355F555B4244160D1 /* Pods_SwiftPrac.framework in Frameworks */ = {isa = PBXBuildFile; fileRef = 2CC2FB88B57284E8B6DF6D73 /* Pods_SwiftPrac.framework */; };
		F0686118206B7BE900223D7A /* AppDelegate.swift in Sources */ = {isa = PBXBuildFile; fileRef = F0686117206B7BE900223D7A /* AppDelegate.swift */; };
		F068611A206B7BE900223D7A /* ViewController.swift in Sources */ = {isa = PBXBuildFile; fileRef = F0686119206B7BE900223D7A /* ViewController.swift */; };
		F068611D206B7BE900223D7A /* Main.storyboard in Resources */ = {isa = PBXBuildFile; fileRef = F068611B206B7BE900223D7A /* Main.storyboard */; };
		F068611F206B7BE900223D7A /* Assets.xcassets in Resources */ = {isa = PBXBuildFile; fileRef = F068611E206B7BE900223D7A /* Assets.xcassets */; };
		F0686122206B7BE900223D7A /* LaunchScreen.storyboard in Resources */ = {isa = PBXBuildFile; fileRef = F0686120206B7BE900223D7A /* LaunchScreen.storyboard */; };
		F068612C206B928100223D7A /* PrefixHeader.swift in Sources */ = {isa = PBXBuildFile; fileRef = F068612B206B928100223D7A /* PrefixHeader.swift */; };
/* End PBXBuildFile section */

/* Begin PBXFileReference section */
		21D70B9BCE597504A04ADD7A /* Pods-SwiftPrac.release.xcconfig */ = {isa = PBXFileReference; includeInIndex = 1; lastKnownFileType = text.xcconfig; name = "Pods-SwiftPrac.release.xcconfig"; path = "Pods/Target Support Files/Pods-SwiftPrac/Pods-SwiftPrac.release.xcconfig"; sourceTree = "<group>"; };
		2CC2FB88B57284E8B6DF6D73 /* Pods_SwiftPrac.framework */ = {isa = PBXFileReference; explicitFileType = wrapper.framework; includeInIndex = 0; path = Pods_SwiftPrac.framework; sourceTree = BUILT_PRODUCTS_DIR; };
		EA53742173DFDB1DC4D24EFF /* Pods-SwiftPrac.debug.xcconfig */ = {isa = PBXFileReference; includeInIndex = 1; lastKnownFileType = text.xcconfig; name = "Pods-SwiftPrac.debug.xcconfig"; path = "Pods/Target Support Files/Pods-SwiftPrac/Pods-SwiftPrac.debug.xcconfig"; sourceTree = "<group>"; };
		F0686114206B7BE900223D7A /* SwiftPrac.app */ = {isa = PBXFileReference; explicitFileType = wrapper.application; includeInIndex = 0; path = SwiftPrac.app; sourceTree = BUILT_PRODUCTS_DIR; };
		F0686117206B7BE900223D7A /* AppDelegate.swift */ = {isa = PBXFileReference; lastKnownFileType = sourcecode.swift; path = AppDelegate.swift; sourceTree = "<group>"; };
		F0686119206B7BE900223D7A /* ViewController.swift */ = {isa = PBXFileReference; lastKnownFileType = sourcecode.swift; path = ViewController.swift; sourceTree = "<group>"; };
		F068611C206B7BE900223D7A /* Base */ = {isa = PBXFileReference; lastKnownFileType = file.storyboard; name = Base; path = Base.lproj/Main.storyboard; sourceTree = "<group>"; };
		F068611E206B7BE900223D7A /* Assets.xcassets */ = {isa = PBXFileReference; lastKnownFileType = folder.assetcatalog; path = Assets.xcassets; sourceTree = "<group>"; };
		F0686121206B7BE900223D7A /* Base */ = {isa = PBXFileReference; lastKnownFileType = file.storyboard; name = Base; path = Base.lproj/LaunchScreen.storyboard; sourceTree = "<group>"; };
		F0686123206B7BE900223D7A /* Info.plist */ = {isa = PBXFileReference; lastKnownFileType = text.plist.xml; path = Info.plist; sourceTree = "<group>"; };
		F0686129206B906D00223D7A /* Header-Briding-Header.h */ = {isa = PBXFileReference; lastKnownFileType = sourcecode.c.h; path = "Header-Briding-Header.h"; sourceTree = "<group>"; };
		F068612B206B928100223D7A /* PrefixHeader.swift */ = {isa = PBXFileReference; lastKnownFileType = sourcecode.swift; path = PrefixHeader.swift; sourceTree = "<group>"; };
/* End PBXFileReference section */

/* Begin PBXFrameworksBuildPhase section */
		F0686111206B7BE900223D7A /* Frameworks */ = {
			isa = PBXFrameworksBuildPhase;
			buildActionMask = 2147483647;
			files = (
				95F70AF355F555B4244160D1 /* Pods_SwiftPrac.framework in Frameworks */,
			);
			runOnlyForDeploymentPostprocessing = 0;
		};
/* End PBXFrameworksBuildPhase section */

/* Begin PBXGroup section */
		4B8FDE0988ED64B5ACA5023C /* Pods */ = {
			isa = PBXGroup;
			children = (
				EA53742173DFDB1DC4D24EFF /* Pods-SwiftPrac.debug.xcconfig */,
				21D70B9BCE597504A04ADD7A /* Pods-SwiftPrac.release.xcconfig */,
			);
			name = Pods;
			sourceTree = "<group>";
		};
		651660A306AB1360192D6EE1 /* Frameworks */ = {
			isa = PBXGroup;
			children = (
				2CC2FB88B57284E8B6DF6D73 /* Pods_SwiftPrac.framework */,
			);
			name = Frameworks;
			sourceTree = "<group>";
		};
		F068610B206B7BE900223D7A = {
			isa = PBXGroup;
			children = (
				F0686116206B7BE900223D7A /* SwiftPrac */,
				F0686115206B7BE900223D7A /* Products */,
				4B8FDE0988ED64B5ACA5023C /* Pods */,
				651660A306AB1360192D6EE1 /* Frameworks */,
			);
			sourceTree = "<group>";
		};
		F0686115206B7BE900223D7A /* Products */ = {
			isa = PBXGroup;
			children = (
				F0686114206B7BE900223D7A /* SwiftPrac.app */,
			);
			name = Products;
			sourceTree = "<group>";
		};
		F0686116206B7BE900223D7A /* SwiftPrac */ = {
			isa = PBXGroup;
			children = (
				F0686117206B7BE900223D7A /* AppDelegate.swift */,
				F0686119206B7BE900223D7A /* ViewController.swift */,
				F068611B206B7BE900223D7A /* Main.storyboard */,
				F068611E206B7BE900223D7A /* Assets.xcassets */,
				F0686120206B7BE900223D7A /* LaunchScreen.storyboard */,
				F0686123206B7BE900223D7A /* Info.plist */,
				F068612D206BA8F600223D7A /* Source */,
			);
			path = SwiftPrac;
			sourceTree = "<group>";
		};
		F068612D206BA8F600223D7A /* Source */ = {
			isa = PBXGroup;
			children = (
				F068612B206B928100223D7A /* PrefixHeader.swift */,
				F0686129206B906D00223D7A /* Header-Briding-Header.h */,
			);
			path = Source;
			sourceTree = "<group>";
		};
/* End PBXGroup section */

/* Begin PBXNativeTarget section */
		F0686113206B7BE900223D7A /* SwiftPrac */ = {
			isa = PBXNativeTarget;
			buildConfigurationList = F0686126206B7BE900223D7A /* Build configuration list for PBXNativeTarget "SwiftPrac" */;
			buildPhases = (
				49D9FF4F9877A271E1AA7524 /* [CP] Check Pods Manifest.lock */,
				F0686110206B7BE900223D7A /* Sources */,
				F0686111206B7BE900223D7A /* Frameworks */,
				F0686112206B7BE900223D7A /* Resources */,
				3F1E838A5E8D5D24B40AAEE1 /* [CP] Embed Pods Frameworks */,
				2FAEDEF5F330C639072EBB4F /* [CP] Copy Pods Resources */,
			);
			buildRules = (
			);
			dependencies = (
			);
			name = SwiftPrac;
			productName = SwiftPrac;
			productReference = F0686114206B7BE900223D7A /* SwiftPrac.app */;
			productType = "com.apple.product-type.application";
		};
/* End PBXNativeTarget section */

/* Begin PBXProject section */
		F068610C206B7BE900223D7A /* Project object */ = {
			isa = PBXProject;
			attributes = {
				LastSwiftUpdateCheck = 0920;
				LastUpgradeCheck = 0920;
				ORGANIZATIONNAME = "张强";
				TargetAttributes = {
					F0686113206B7BE900223D7A = {
						CreatedOnToolsVersion = 9.2;
						ProvisioningStyle = Automatic;
					};
				};
			};
			buildConfigurationList = F068610F206B7BE900223D7A /* Build configuration list for PBXProject "SwiftPrac" */;
			compatibilityVersion = "Xcode 8.0";
			developmentRegion = en;
			hasScannedForEncodings = 0;
			knownRegions = (
				en,
				Base,
			);
			mainGroup = F068610B206B7BE900223D7A;
			productRefGroup = F0686115206B7BE900223D7A /* Products */;
			projectDirPath = "";
			projectRoot = "";
			targets = (
				F0686113206B7BE900223D7A /* SwiftPrac */,
			);
		};
/* End PBXProject section */

/* Begin PBXResourcesBuildPhase section */
		F0686112206B7BE900223D7A /* Resources */ = {
			isa = PBXResourcesBuildPhase;
			buildActionMask = 2147483647;
			files = (
				F0686122206B7BE900223D7A /* LaunchScreen.storyboard in Resources */,
				F068611F206B7BE900223D7A /* Assets.xcassets in Resources */,
				F068611D206B7BE900223D7A /* Main.storyboard in Resources */,
			);
			runOnlyForDeploymentPostprocessing = 0;
		};
/* End PBXResourcesBuildPhase section */

/* Begin PBXShellScriptBuildPhase section */
		2FAEDEF5F330C639072EBB4F /* [CP] Copy Pods Resources */ = {
			isa = PBXShellScriptBuildPhase;
			buildActionMask = 2147483647;
			files = (
			);
			inputPaths = (
			);
			name = "[CP] Copy Pods Resources";
			outputPaths = (
			);
			runOnlyForDeploymentPostprocessing = 0;
			shellPath = /bin/sh;
			shellScript = "\"${SRCROOT}/Pods/Target Support Files/Pods-SwiftPrac/Pods-SwiftPrac-resources.sh\"\n";
			showEnvVarsInLog = 0;
		};
		3F1E838A5E8D5D24B40AAEE1 /* [CP] Embed Pods Frameworks */ = {
			isa = PBXShellScriptBuildPhase;
			buildActionMask = 2147483647;
			files = (
			);
			inputPaths = (
				"${SRCROOT}/Pods/Target Support Files/Pods-SwiftPrac/Pods-SwiftPrac-frameworks.sh",
				"${BUILT_PRODUCTS_DIR}/Masonry/Masonry.framework",
				"${BUILT_PRODUCTS_DIR}/SnapKit/SnapKit.framework",
			);
			name = "[CP] Embed Pods Frameworks";
			outputPaths = (
				"${TARGET_BUILD_DIR}/${FRAMEWORKS_FOLDER_PATH}/Masonry.framework",
				"${TARGET_BUILD_DIR}/${FRAMEWORKS_FOLDER_PATH}/SnapKit.framework",
			);
			runOnlyForDeploymentPostprocessing = 0;
			shellPath = /bin/sh;
			shellScript = "\"${SRCROOT}/Pods/Target Support Files/Pods-SwiftPrac/Pods-SwiftPrac-frameworks.sh\"\n";
			showEnvVarsInLog = 0;
		};
		49D9FF4F9877A271E1AA7524 /* [CP] Check Pods Manifest.lock */ = {
			isa = PBXShellScriptBuildPhase;
			buildActionMask = 2147483647;
			files = (
			);
			inputPaths = (
				"${PODS_PODFILE_DIR_PATH}/Podfile.lock",
				"${PODS_ROOT}/Manifest.lock",
			);
			name = "[CP] Check Pods Manifest.lock";
			outputPaths = (
				"$(DERIVED_FILE_DIR)/Pods-SwiftPrac-checkManifestLockResult.txt",
			);
			runOnlyForDeploymentPostprocessing = 0;
			shellPath = /bin/sh;
			shellScript = "diff \"${PODS_PODFILE_DIR_PATH}/Podfile.lock\" \"${PODS_ROOT}/Manifest.lock\" > /dev/null\nif [ $? != 0 ] ; then\n    # print error to STDERR\n    echo \"error: The sandbox is not in sync with the Podfile.lock. Run 'pod install' or update your CocoaPods installation.\" >&2\n    exit 1\nfi\n# This output is used by Xcode 'outputs' to avoid re-running this script phase.\necho \"SUCCESS\" > \"${SCRIPT_OUTPUT_FILE_0}\"\n";
			showEnvVarsInLog = 0;
		};
/* End PBXShellScriptBuildPhase section */

/* Begin PBXSourcesBuildPhase section */
		F0686110206B7BE900223D7A /* Sources */ = {
			isa = PBXSourcesBuildPhase;
			buildActionMask = 2147483647;
			files = (
				F068612C206B928100223D7A /* PrefixHeader.swift in Sources */,
				F068611A206B7BE900223D7A /* ViewController.swift in Sources */,
				F0686118206B7BE900223D7A /* AppDelegate.swift in Sources */,
			);
			runOnlyForDeploymentPostprocessing = 0;
		};
/* End PBXSourcesBuildPhase section */

/* Begin PBXVariantGroup section */
		F068611B206B7BE900223D7A /* Main.storyboard */ = {
			isa = PBXVariantGroup;
			children = (
				F068611C206B7BE900223D7A /* Base */,
			);
			name = Main.storyboard;
			sourceTree = "<group>";
		};
		F0686120206B7BE900223D7A /* LaunchScreen.storyboard */ = {
			isa = PBXVariantGroup;
			children = (
				F0686121206B7BE900223D7A /* Base */,
			);
			name = LaunchScreen.storyboard;
			sourceTree = "<group>";
		};
/* End PBXVariantGroup section */

/* Begin XCBuildConfiguration section */
		F0686124206B7BE900223D7A /* Debug */ = {
			isa = XCBuildConfiguration;
			buildSettings = {
				ALWAYS_SEARCH_USER_PATHS = NO;
				CLANG_ANALYZER_NONNULL = YES;
				CLANG_ANALYZER_NUMBER_OBJECT_CONVERSION = YES_AGGRESSIVE;
				CLANG_CXX_LANGUAGE_STANDARD = "gnu++14";
				CLANG_CXX_LIBRARY = "libc++";
				CLANG_ENABLE_MODULES = YES;
				CLANG_ENABLE_OBJC_ARC = YES;
				CLANG_WARN_BLOCK_CAPTURE_AUTORELEASING = YES;
				CLANG_WARN_BOOL_CONVERSION = YES;
				CLANG_WARN_COMMA = YES;
				CLANG_WARN_CONSTANT_CONVERSION = YES;
				CLANG_WARN_DIRECT_OBJC_ISA_USAGE = YES_ERROR;
				CLANG_WARN_DOCUMENTATION_COMMENTS = YES;
				CLANG_WARN_EMPTY_BODY = YES;
				CLANG_WARN_ENUM_CONVERSION = YES;
				CLANG_WARN_INFINITE_RECURSION = YES;
				CLANG_WARN_INT_CONVERSION = YES;
				CLANG_WARN_NON_LITERAL_NULL_CONVERSION = YES;
				CLANG_WARN_OBJC_LITERAL_CONVERSION = YES;
				CLANG_WARN_OBJC_ROOT_CLASS = YES_ERROR;
				CLANG_WARN_RANGE_LOOP_ANALYSIS = YES;
				CLANG_WARN_STRICT_PROTOTYPES = YES;
				CLANG_WARN_SUSPICIOUS_MOVE = YES;
				CLANG_WARN_UNGUARDED_AVAILABILITY = YES_AGGRESSIVE;
				CLANG_WARN_UNREACHABLE_CODE = YES;
				CLANG_WARN__DUPLICATE_METHOD_MATCH = YES;
				CODE_SIGN_IDENTITY = "iPhone Developer";
				COPY_PHASE_STRIP = NO;
				DEBUG_INFORMATION_FORMAT = dwarf;
				ENABLE_STRICT_OBJC_MSGSEND = YES;
				ENABLE_TESTABILITY = YES;
				GCC_C_LANGUAGE_STANDARD = gnu11;
				GCC_DYNAMIC_NO_PIC = NO;
				GCC_NO_COMMON_BLOCKS = YES;
				GCC_OPTIMIZATION_LEVEL = 0;
				GCC_PREPROCESSOR_DEFINITIONS = (
					"DEBUG=1",
					"$(inherited)",
				);
				GCC_WARN_64_TO_32_BIT_CONVERSION = YES;
				GCC_WARN_ABOUT_RETURN_TYPE = YES_ERROR;
				GCC_WARN_UNDECLARED_SELECTOR = YES;
				GCC_WARN_UNINITIALIZED_AUTOS = YES_AGGRESSIVE;
				GCC_WARN_UNUSED_FUNCTION = YES;
				GCC_WARN_UNUSED_VARIABLE = YES;
				IPHONEOS_DEPLOYMENT_TARGET = 11.2;
				MTL_ENABLE_DEBUG_INFO = YES;
				ONLY_ACTIVE_ARCH = YES;
				SDKROOT = iphoneos;
				SWIFT_ACTIVE_COMPILATION_CONDITIONS = DEBUG;
				SWIFT_OPTIMIZATION_LEVEL = "-Onone";
			};
			name = Debug;
		};
		F0686125206B7BE900223D7A /* Release */ = {
			isa = XCBuildConfiguration;
			buildSettings = {
				ALWAYS_SEARCH_USER_PATHS = NO;
				CLANG_ANALYZER_NONNULL = YES;
				CLANG_ANALYZER_NUMBER_OBJECT_CONVERSION = YES_AGGRESSIVE;
				CLANG_CXX_LANGUAGE_STANDARD = "gnu++14";
				CLANG_CXX_LIBRARY = "libc++";
				CLANG_ENABLE_MODULES = YES;
				CLANG_ENABLE_OBJC_ARC = YES;
				CLANG_WARN_BLOCK_CAPTURE_AUTORELEASING = YES;
				CLANG_WARN_BOOL_CONVERSION = YES;
				CLANG_WARN_COMMA = YES;
				CLANG_WARN_CONSTANT_CONVERSION = YES;
				CLANG_WARN_DIRECT_OBJC_ISA_USAGE = YES_ERROR;
				CLANG_WARN_DOCUMENTATION_COMMENTS = YES;
				CLANG_WARN_EMPTY_BODY = YES;
				CLANG_WARN_ENUM_CONVERSION = YES;
				CLANG_WARN_INFINITE_RECURSION = YES;
				CLANG_WARN_INT_CONVERSION = YES;
				CLANG_WARN_NON_LITERAL_NULL_CONVERSION = YES;
				CLANG_WARN_OBJC_LITERAL_CONVERSION = YES;
				CLANG_WARN_OBJC_ROOT_CLASS = YES_ERROR;
				CLANG_WARN_RANGE_LOOP_ANALYSIS = YES;
				CLANG_WARN_STRICT_PROTOTYPES = YES;
				CLANG_WARN_SUSPICIOUS_MOVE = YES;
				CLANG_WARN_UNGUARDED_AVAILABILITY = YES_AGGRESSIVE;
				CLANG_WARN_UNREACHABLE_CODE = YES;
				CLANG_WARN__DUPLICATE_METHOD_MATCH = YES;
				CODE_SIGN_IDENTITY = "iPhone Developer";
				COPY_PHASE_STRIP = NO;
				DEBUG_INFORMATION_FORMAT = "dwarf-with-dsym";
				ENABLE_NS_ASSERTIONS = NO;
				ENABLE_STRICT_OBJC_MSGSEND = YES;
				GCC_C_LANGUAGE_STANDARD = gnu11;
				GCC_NO_COMMON_BLOCKS = YES;
				GCC_WARN_64_TO_32_BIT_CONVERSION = YES;
				GCC_WARN_ABOUT_RETURN_TYPE = YES_ERROR;
				GCC_WARN_UNDECLARED_SELECTOR = YES;
				GCC_WARN_UNINITIALIZED_AUTOS = YES_AGGRESSIVE;
				GCC_WARN_UNUSED_FUNCTION = YES;
				GCC_WARN_UNUSED_VARIABLE = YES;
				IPHONEOS_DEPLOYMENT_TARGET = 11.2;
				MTL_ENABLE_DEBUG_INFO = NO;
				SDKROOT = iphoneos;
				SWIFT_OPTIMIZATION_LEVEL = "-Owholemodule";
				VALIDATE_PRODUCT = YES;
			};
			name = Release;
		};
		F0686127206B7BE900223D7A /* Debug */ = {
			isa = XCBuildConfiguration;
			baseConfigurationReference = EA53742173DFDB1DC4D24EFF /* Pods-SwiftPrac.debug.xcconfig */;
			buildSettings = {
				ASSETCATALOG_COMPILER_APPICON_NAME = AppIcon;
				CODE_SIGN_STYLE = Automatic;
				DEVELOPMENT_TEAM = 6BYJ87DZP3;
				GCC_PREFIX_HEADER = /Users/zhangqiang/Desktop/SwiftPrac/SwiftPrac/Source/PrefixHeader.swift;
				INFOPLIST_FILE = SwiftPrac/Info.plist;
				LD_RUNPATH_SEARCH_PATHS = "$(inherited) @executable_path/Frameworks";
				PRODUCT_BUNDLE_IDENTIFIER = com.newXDY.SwiftPrac;
				PRODUCT_NAME = "$(TARGET_NAME)";
				SWIFT_OBJC_BRIDGING_HEADER = "/Users/zhangqiang/Desktop/SwiftPrac/SwiftPrac/Source/Header-Briding-Header.h";
				SWIFT_VERSION = 4.0;
				TARGETED_DEVICE_FAMILY = "1,2";
			};
			name = Debug;
		};
		F0686128206B7BE900223D7A /* Release */ = {
			isa = XCBuildConfiguration;
			baseConfigurationReference = 21D70B9BCE597504A04ADD7A /* Pods-SwiftPrac.release.xcconfig */;
			buildSettings = {
				ASSETCATALOG_COMPILER_APPICON_NAME = AppIcon;
				CODE_SIGN_STYLE = Automatic;
				DEVELOPMENT_TEAM = 6BYJ87DZP3;
				GCC_PREFIX_HEADER = /Users/zhangqiang/Desktop/SwiftPrac/SwiftPrac/Source/PrefixHeader.swift;
				INFOPLIST_FILE = SwiftPrac/Info.plist;
				LD_RUNPATH_SEARCH_PATHS = "$(inherited) @executable_path/Frameworks";
				PRODUCT_BUNDLE_IDENTIFIER = com.newXDY.SwiftPrac;
				PRODUCT_NAME = "$(TARGET_NAME)";
				SWIFT_OBJC_BRIDGING_HEADER = "/Users/zhangqiang/Desktop/SwiftPrac/SwiftPrac/Source/Header-Briding-Header.h";
				SWIFT_VERSION = 4.0;
				TARGETED_DEVICE_FAMILY = "1,2";
			};
			name = Release;
		};
/* End XCBuildConfiguration section */

/* Begin XCConfigurationList section */
		F068610F206B7BE900223D7A /* Build configuration list for PBXProject "SwiftPrac" */ = {
			isa = XCConfigurationList;
			buildConfigurations = (
				F0686124206B7BE900223D7A /* Debug */,
				F0686125206B7BE900223D7A /* Release */,
			);
			defaultConfigurationIsVisible = 0;
			defaultConfigurationName = Release;
		};
		F0686126206B7BE900223D7A /* Build configuration list for PBXNativeTarget "SwiftPrac" */ = {
			isa = XCConfigurationList;
			buildConfigurations = (
				F0686127206B7BE900223D7A /* Debug */,
				F0686128206B7BE900223D7A /* Release */,
			);
			defaultConfigurationIsVisible = 0;
			defaultConfigurationName = Release;
		};
/* End XCConfigurationList section */
	};
	rootObject = F068610C206B7BE900223D7A /* Project object */;
}
